
Microsoft Visual Studio Solution File, Format Version 12.00
# Visual Studio Version 16
VisualStudioVersion = 16.0.30523.141
MinimumVisualStudioVersion = 10.0.40219.1
Project("{FAE04EC0-301F-11D3-BF4B-00C04F79EFBC}") = "Conversie din baza2 in baza putere (4,8,16)", "Conversie din baza2 in baza putere (4,8,16)\Conversie din baza2 in baza putere (4,8,16).csproj", "{03789EE7-0B9B-41F5-A53F-226AAB1D5AB1}"
EndProject
Global
	GlobalSection(SolutionConfigurationPlatforms) = preSolution
		Debug|Any CPU = Debug|Any CPU
		Release|Any CPU = Release|Any CPU
	EndGlobalSection
	GlobalSection(ProjectConfigurationPlatforms) = postSolution
		{03789EE7-0B9B-41F5-A53F-226AAB1D5AB1}.Debug|Any CPU.ActiveCfg = Debug|Any CPU
		{03789EE7-0B9B-41F5-A53F-226AAB1D5AB1}.Debug|Any CPU.Build.0 = Debug|Any CPU
		{03789EE7-0B9B-41F5-A53F-226AAB1D5AB1}.Release|Any CPU.ActiveCfg = Release|Any CPU
		{03789EE7-0B9B-41F5-A53F-226AAB1D5AB1}.Release|Any CPU.Build.0 = Release|Any CPU
	EndGlobalSection
	GlobalSection(SolutionProperties) = preSolution
		HideSolutionNode = FALSE
	EndGlobalSection
	GlobalSection(ExtensibilityGlobals) = postSolution
		SolutionGuid = {58EDCF74-5F07-48A5-BD23-702341DF226E}
	EndGlobalSection
EndGlobal
